# THIS IS AN AUTOGENERATED FILE. DO NOT EDIT THIS FILE DIRECTLY.
# yarn lockfile v1


colors.css@~3.0.0:
  version "3.0.0"
  resolved "https://registry.yarnpkg.com/colors.css/-/colors.css-3.0.0.tgz#511cf42fb8a7199a8cbef49c88a4ea4f1d8f9efc"

eventemitter2@~5.0.1:
  version "5.0.1"
  resolved "https://registry.yarnpkg.com/eventemitter2/-/eventemitter2-5.0.1.tgz#6197a095d5fb6b57e8942f6fd7eaad63a09c9452"

inline-worker@~1.1.0:
  version "1.1.0"
  resolved "https://registry.yarnpkg.com/inline-worker/-/inline-worker-1.1.0.tgz#55e96f54915a642b00872a2daa6fe832b424c98d"

"konva@https://github.com/lampo/konva":
  version "2.6.0"
  resolved "https://github.com/lampo/konva#ab925d5cff0a94abe0993ab96f9384194d5e840c"

konva@~2.5.1:
  version "2.5.1"
  resolved "https://registry.yarnpkg.com/konva/-/konva-2.5.1.tgz#cca611a9522e831e54cf57c508a1aed3f0ceac25"

"peaks.js@https://github.com/bbc/peaks.js":
  version "0.9.13"
  resolved "https://github.com/bbc/peaks.js#54d0a95e2a99aa6b0c41292e05c2f5f936682a0f"
  dependencies:
    colors.css "~3.0.0"
    eventemitter2 "~5.0.1"
    konva "~2.5.1"
    waveform-data "~2.1.2"

requirejs@^2.3.6:
  version "2.3.6"
  resolved "https://registry.yarnpkg.com/requirejs/-/requirejs-2.3.6.tgz#e5093d9601c2829251258c0b9445d4d19fa9e7c9"

waveform-data@^2.1.2, waveform-data@~2.1.2:
  version "2.1.2"
  resolved "https://registry.yarnpkg.com/waveform-data/-/waveform-data-2.1.2.tgz#0c5f2a50beb6d6c9056b51b0c02a5b347fe6792f"
  dependencies:
    inline-worker "~1.1.0"
